// !$*UTF8*$!
{
	archiveVersion = 1;
	classes = {
	};
	objectVersion = 56;
	objects = {

/* Begin PBXBuildFile section */
		DD7037D92B459B2400F40F46 /* AppDelegate.m in Sources */ = {isa = PBXBuildFile; fileRef = DD7037D82B459B2400F40F46 /* AppDelegate.m */; };
		DD7037DC2B459B2400F40F46 /* ViewController.m in Sources */ = {isa = PBXBuildFile; fileRef = DD7037DB2B459B2400F40F46 /* ViewController.m */; };
		DD7037DE2B459B2700F40F46 /* Assets.xcassets in Resources */ = {isa = PBXBuildFile; fileRef = DD7037DD2B459B2700F40F46 /* Assets.xcassets */; };
		DD7037E12B459B2700F40F46 /* Main.storyboard in Resources */ = {isa = PBXBuildFile; fileRef = DD7037DF2B459B2700F40F46 /* Main.storyboard */; };
		DD7037E32B459B2700F40F46 /* main.m in Sources */ = {isa = PBXBuildFile; fileRef = DD7037E22B459B2700F40F46 /* main.m */; };
		DD7037EE2B459B2700F40F46 /* Window_with_backgroundTests.m in Sources */ = {isa = PBXBuildFile; fileRef = DD7037ED2B459B2700F40F46 /* Window_with_backgroundTests.m */; };
		DD7037F82B459B2700F40F46 /* Window_with_backgroundUITests.m in Sources */ = {isa = PBXBuildFile; fileRef = DD7037F72B459B2700F40F46 /* Window_with_backgroundUITests.m */; };
		DD7037FA2B459B2700F40F46 /* Window_with_backgroundUITestsLaunchTests.m in Sources */ = {isa = PBXBuildFile; fileRef = DD7037F92B459B2700F40F46 /* Window_with_backgroundUITestsLaunchTests.m */; };
/* End PBXBuildFile section */

/* Begin PBXContainerItemProxy section */
		DD7037EA2B459B2700F40F46 /* PBXContainerItemProxy */ = {
			isa = PBXContainerItemProxy;
			containerPortal = DD7037CC2B459B2400F40F46 /* Project object */;
			proxyType = 1;
			remoteGlobalIDString = DD7037D32B459B2400F40F46;
			remoteInfo = "Window with background";
		};
		DD7037F42B459B2700F40F46 /* PBXContainerItemProxy */ = {
			isa = PBXContainerItemProxy;
			containerPortal = DD7037CC2B459B2400F40F46 /* Project object */;
			proxyType = 1;
			remoteGlobalIDString = DD7037D32B459B2400F40F46;
			remoteInfo = "Window with background";
		};
/* End PBXContainerItemProxy section */

/* Begin PBXFileReference section */
		DD7037D42B459B2400F40F46 /* Window with background.app */ = {isa = PBXFileReference; explicitFileType = wrapper.application; includeInIndex = 0; path = "Window with background.app"; sourceTree = BUILT_PRODUCTS_DIR; };
		DD7037D72B459B2400F40F46 /* AppDelegate.h */ = {isa = PBXFileReference; lastKnownFileType = sourcecode.c.h; path = AppDelegate.h; sourceTree = "<group>"; };
		DD7037D82B459B2400F40F46 /* AppDelegate.m */ = {isa = PBXFileReference; lastKnownFileType = sourcecode.c.objc; path = AppDelegate.m; sourceTree = "<group>"; };
		DD7037DA2B459B2400F40F46 /* ViewController.h */ = {isa = PBXFileReference; lastKnownFileType = sourcecode.c.h; path = ViewController.h; sourceTree = "<group>"; };
		DD7037DB2B459B2400F40F46 /* ViewController.m */ = {isa = PBXFileReference; lastKnownFileType = sourcecode.c.objc; path = ViewController.m; sourceTree = "<group>"; };
		DD7037DD2B459B2700F40F46 /* Assets.xcassets */ = {isa = PBXFileReference; lastKnownFileType = folder.assetcatalog; path = Assets.xcassets; sourceTree = "<group>"; };
		DD7037E02B459B2700F40F46 /* Base */ = {isa = PBXFileReference; lastKnownFileType = file.storyboard; name = Base; path = Base.lproj/Main.storyboard; sourceTree = "<group>"; };
		DD7037E22B459B2700F40F46 /* main.m */ = {isa = PBXFileReference; lastKnownFileType = sourcecode.c.objc; path = main.m; sourceTree = "<group>"; };
		DD7037E42B459B2700F40F46 /* Window_with_background.entitlements */ = {isa = PBXFileReference; lastKnownFileType = text.plist.entitlements; path = Window_with_background.entitlements; sourceTree = "<group>"; };
		DD7037E92B459B2700F40F46 /* Window with backgroundTests.xctest */ = {isa = PBXFileReference; explicitFileType = wrapper.cfbundle; includeInIndex = 0; path = "Window with backgroundTests.xctest"; sourceTree = BUILT_PRODUCTS_DIR; };
		DD7037ED2B459B2700F40F46 /* Window_with_backgroundTests.m */ = {isa = PBXFileReference; lastKnownFileType = sourcecode.c.objc; path = Window_with_backgroundTests.m; sourceTree = "<group>"; };
		DD7037F32B459B2700F40F46 /* Window with backgroundUITests.xctest */ = {isa = PBXFileReference; explicitFileType = wrapper.cfbundle; includeInIndex = 0; path = "Window with backgroundUITests.xctest"; sourceTree = BUILT_PRODUCTS_DIR; };
		DD7037F72B459B2700F40F46 /* Window_with_backgroundUITests.m */ = {isa = PBXFileReference; lastKnownFileType = sourcecode.c.objc; path = Window_with_backgroundUITests.m; sourceTree = "<group>"; };
		DD7037F92B459B2700F40F46 /* Window_with_backgroundUITestsLaunchTests.m */ = {isa = PBXFileReference; lastKnownFileType = sourcecode.c.objc; path = Window_with_backgroundUITestsLaunchTests.m; sourceTree = "<group>"; };
/* End PBXFileReference section */

/* Begin PBXFrameworksBuildPhase section */
		DD7037D12B459B2400F40F46 /* Frameworks */ = {
			isa = PBXFrameworksBuildPhase;
			buildActionMask = 2147483647;
			files = (
			);
			runOnlyForDeploymentPostprocessing = 0;
		};
		DD7037E62B459B2700F40F46 /* Frameworks */ = {
			isa = PBXFrameworksBuildPhase;
			buildActionMask = 2147483647;
			files = (
			);
			runOnlyForDeploymentPostprocessing = 0;
		};
		DD7037F02B459B2700F40F46 /* Frameworks */ = {
			isa = PBXFrameworksBuildPhase;
			buildActionMask = 2147483647;
			files = (
			);
			runOnlyForDeploymentPostprocessing = 0;
		};
/* End PBXFrameworksBuildPhase section */

/* Begin PBXGroup section */
		DD7037CB2B459B2400F40F46 = {
			isa = PBXGroup;
			children = (
				DD7037D62B459B2400F40F46 /* Window with background */,
				DD7037EC2B459B2700F40F46 /* Window with backgroundTests */,
				DD7037F62B459B2700F40F46 /* Window with backgroundUITests */,
				DD7037D52B459B2400F40F46 /* Products */,
			);
			sourceTree = "<group>";
		};
		DD7037D52B459B2400F40F46 /* Products */ = {
			isa = PBXGroup;
			children = (
				DD7037D42B459B2400F40F46 /* Window with background.app */,
				DD7037E92B459B2700F40F46 /* Window with backgroundTests.xctest */,
				DD7037F32B459B2700F40F46 /* Window with backgroundUITests.xctest */,
			);
			name = Products;
			sourceTree = "<group>";
		};
		DD7037D62B459B2400F40F46 /* Window with background */ = {
			isa = PBXGroup;
			children = (
				DD7037D72B459B2400F40F46 /* AppDelegate.h */,
				DD7037D82B459B2400F40F46 /* AppDelegate.m */,
				DD7037DA2B459B2400F40F46 /* ViewController.h */,
				DD7037DB2B459B2400F40F46 /* ViewController.m */,
				DD7037DD2B459B2700F40F46 /* Assets.xcassets */,
				DD7037DF2B459B2700F40F46 /* Main.storyboard */,
				DD7037E22B459B2700F40F46 /* main.m */,
				DD7037E42B459B2700F40F46 /* Window_with_background.entitlements */,
			);
			path = "Window with background";
			sourceTree = "<group>";
		};
		DD7037EC2B459B2700F40F46 /* Window with backgroundTests */ = {
			isa = PBXGroup;
			children = (
				DD7037ED2B459B2700F40F46 /* Window_with_backgroundTests.m */,
			);
			path = "Window with backgroundTests";
			sourceTree = "<group>";
		};
		DD7037F62B459B2700F40F46 /* Window with backgroundUITests */ = {
			isa = PBXGroup;
			children = (
				DD7037F72B459B2700F40F46 /* Window_with_backgroundUITests.m */,
				DD7037F92B459B2700F40F46 /* Window_with_backgroundUITestsLaunchTests.m */,
			);
			path = "Window with backgroundUITests";
			sourceTree = "<group>";
		};
/* End PBXGroup section */

/* Begin PBXNativeTarget section */
		DD7037D32B459B2400F40F46 /* Window with background */ = {
			isa = PBXNativeTarget;
			buildConfigurationList = DD7037FD2B459B2700F40F46 /* Build configuration list for PBXNativeTarget "Window with background" */;
			buildPhases = (
				DD7037D02B459B2400F40F46 /* Sources */,
				DD7037D12B459B2400F40F46 /* Frameworks */,
				DD7037D22B459B2400F40F46 /* Resources */,
			);
			buildRules = (
			);
			dependencies = (
			);
			name = "Window with background";
			productName = "Window with background";
			productReference = DD7037D42B459B2400F40F46 /* Window with background.app */;
			productType = "com.apple.product-type.application";
		};
		DD7037E82B459B2700F40F46 /* Window with backgroundTests */ = {
			isa = PBXNativeTarget;
			buildConfigurationList = DD7038002B459B2700F40F46 /* Build configuration list for PBXNativeTarget "Window with backgroundTests" */;
			buildPhases = (
				DD7037E52B459B2700F40F46 /* Sources */,
				DD7037E62B459B2700F40F46 /* Frameworks */,
				DD7037E72B459B2700F40F46 /* Resources */,
			);
			buildRules = (
			);
			dependencies = (
				DD7037EB2B459B2700F40F46 /* PBXTargetDependency */,
			);
			name = "Window with backgroundTests";
			productName = "Window with backgroundTests";
			productReference = DD7037E92B459B2700F40F46 /* Window with backgroundTests.xctest */;
			productType = "com.apple.product-type.bundle.unit-test";
		};
		DD7037F22B459B2700F40F46 /* Window with backgroundUITests */ = {
			isa = PBXNativeTarget;
			buildConfigurationList = DD7038032B459B2700F40F46 /* Build configuration list for PBXNativeTarget "Window with backgroundUITests" */;
			buildPhases = (
				DD7037EF2B459B2700F40F46 /* Sources */,
				DD7037F02B459B2700F40F46 /* Frameworks */,
				DD7037F12B459B2700F40F46 /* Resources */,
			);
			buildRules = (
			);
			dependencies = (
				DD7037F52B459B2700F40F46 /* PBXTargetDependency */,
			);
			name = "Window with backgroundUITests";
			productName = "Window with backgroundUITests";
			productReference = DD7037F32B459B2700F40F46 /* Window with backgroundUITests.xctest */;
			productType = "com.apple.product-type.bundle.ui-testing";
		};
/* End PBXNativeTarget section */

/* Begin PBXProject section */
		DD7037CC2B459B2400F40F46 /* Project object */ = {
			isa = PBXProject;
			attributes = {
				BuildIndependentTargetsInParallel = 1;
				LastUpgradeCheck = 1510;
				TargetAttributes = {
					DD7037D32B459B2400F40F46 = {
						CreatedOnToolsVersion = 15.1;
					};
					DD7037E82B459B2700F40F46 = {
						CreatedOnToolsVersion = 15.1;
						TestTargetID = DD7037D32B459B2400F40F46;
					};
					DD7037F22B459B2700F40F46 = {
						CreatedOnToolsVersion = 15.1;
						TestTargetID = DD7037D32B459B2400F40F46;
					};
				};
			};
			buildConfigurationList = DD7037CF2B459B2400F40F46 /* Build configuration list for PBXProject "Window with background" */;
			compatibilityVersion = "Xcode 14.0";
			developmentRegion = en;
			hasScannedForEncodings = 0;
			knownRegions = (
				en,
				Base,
			);
			mainGroup = DD7037CB2B459B2400F40F46;
			productRefGroup = DD7037D52B459B2400F40F46 /* Products */;
			projectDirPath = "";
			projectRoot = "";
			targets = (
				DD7037D32B459B2400F40F46 /* Window with background */,
				DD7037E82B459B2700F40F46 /* Window with backgroundTests */,
				DD7037F22B459B2700F40F46 /* Window with backgroundUITests */,
			);
		};
/* End PBXProject section */

/* Begin PBXResourcesBuildPhase section */
		DD7037D22B459B2400F40F46 /* Resources */ = {
			isa = PBXResourcesBuildPhase;
			buildActionMask = 2147483647;
			files = (
				DD7037DE2B459B2700F40F46 /* Assets.xcassets in Resources */,
				DD7037E12B459B2700F40F46 /* Main.storyboard in Resources */,
			);
			runOnlyForDeploymentPostprocessing = 0;
		};
		DD7037E72B459B2700F40F46 /* Resources */ = {
			isa = PBXResourcesBuildPhase;
			buildActionMask = 2147483647;
			files = (
			);
			runOnlyForDeploymentPostprocessing = 0;
		};
		DD7037F12B459B2700F40F46 /* Resources */ = {
			isa = PBXResourcesBuildPhase;
			buildActionMask = 2147483647;
			files = (
			);
			runOnlyForDeploymentPostprocessing = 0;
		};
/* End PBXResourcesBuildPhase section */

/* Begin PBXSourcesBuildPhase section */
		DD7037D02B459B2400F40F46 /* Sources */ = {
			isa = PBXSourcesBuildPhase;
			buildActionMask = 2147483647;
			files = (
				DD7037DC2B459B2400F40F46 /* ViewController.m in Sources */,
				DD7037E32B459B2700F40F46 /* main.m in Sources */,
				DD7037D92B459B2400F40F46 /* AppDelegate.m in Sources */,
			);
			runOnlyForDeploymentPostprocessing = 0;
		};
		DD7037E52B459B2700F40F46 /* Sources */ = {
			isa = PBXSourcesBuildPhase;
			buildActionMask = 2147483647;
			files = (
				DD7037EE2B459B2700F40F46 /* Window_with_backgroundTests.m in Sources */,
			);
			runOnlyForDeploymentPostprocessing = 0;
		};
		DD7037EF2B459B2700F40F46 /* Sources */ = {
			isa = PBXSourcesBuildPhase;
			buildActionMask = 2147483647;
			files = (
				DD7037FA2B459B2700F40F46 /* Window_with_backgroundUITestsLaunchTests.m in Sources */,
				DD7037F82B459B2700F40F46 /* Window_with_backgroundUITests.m in Sources */,
			);
			runOnlyForDeploymentPostprocessing = 0;
		};
/* End PBXSourcesBuildPhase section */

/* Begin PBXTargetDependency section */
		DD7037EB2B459B2700F40F46 /* PBXTargetDependency */ = {
			isa = PBXTargetDependency;
			target = DD7037D32B459B2400F40F46 /* Window with background */;
			targetProxy = DD7037EA2B459B2700F40F46 /* PBXContainerItemProxy */;
		};
		DD7037F52B459B2700F40F46 /* PBXTargetDependency */ = {
			isa = PBXTargetDependency;
			target = DD7037D32B459B2400F40F46 /* Window with background */;
			targetProxy = DD7037F42B459B2700F40F46 /* PBXContainerItemProxy */;
		};
/* End PBXTargetDependency section */

/* Begin PBXVariantGroup section */
		DD7037DF2B459B2700F40F46 /* Main.storyboard */ = {
			isa = PBXVariantGroup;
			children = (
				DD7037E02B459B2700F40F46 /* Base */,
			);
			name = Main.storyboard;
			sourceTree = "<group>";
		};
/* End PBXVariantGroup section */

/* Begin XCBuildConfiguration section */
		DD7037FB2B459B2700F40F46 /* Debug */ = {
			isa = XCBuildConfiguration;
			buildSettings = {
				ALWAYS_SEARCH_USER_PATHS = NO;
				ASSETCATALOG_COMPILER_GENERATE_SWIFT_ASSET_SYMBOL_EXTENSIONS = YES;
				CLANG_ANALYZER_NONNULL = YES;
				CLANG_ANALYZER_NUMBER_OBJECT_CONVERSION = YES_AGGRESSIVE;
				CLANG_CXX_LANGUAGE_STANDARD = "gnu++20";
				CLANG_ENABLE_MODULES = YES;
				CLANG_ENABLE_OBJC_ARC = YES;
				CLANG_ENABLE_OBJC_WEAK = YES;
				CLANG_WARN_BLOCK_CAPTURE_AUTORELEASING = YES;
				CLANG_WARN_BOOL_CONVERSION = YES;
				CLANG_WARN_COMMA = YES;
				CLANG_WARN_CONSTANT_CONVERSION = YES;
				CLANG_WARN_DEPRECATED_OBJC_IMPLEMENTATIONS = YES;
				CLANG_WARN_DIRECT_OBJC_ISA_USAGE = YES_ERROR;
				CLANG_WARN_DOCUMENTATION_COMMENTS = YES;
				CLANG_WARN_EMPTY_BODY = YES;
				CLANG_WARN_ENUM_CONVERSION = YES;
				CLANG_WARN_INFINITE_RECURSION = YES;
				CLANG_WARN_INT_CONVERSION = YES;
				CLANG_WARN_NON_LITERAL_NULL_CONVERSION = YES;
				CLANG_WARN_OBJC_IMPLICIT_RETAIN_SELF = YES;
				CLANG_WARN_OBJC_LITERAL_CONVERSION = YES;
				CLANG_WARN_OBJC_ROOT_CLASS = YES_ERROR;
				CLANG_WARN_QUOTED_INCLUDE_IN_FRAMEWORK_HEADER = YES;
				CLANG_WARN_RANGE_LOOP_ANALYSIS = YES;
				CLANG_WARN_STRICT_PROTOTYPES = YES;
				CLANG_WARN_SUSPICIOUS_MOVE = YES;
				CLANG_WARN_UNGUARDED_AVAILABILITY = YES_AGGRESSIVE;
				CLANG_WARN_UNREACHABLE_CODE = YES;
				CLANG_WARN__DUPLICATE_METHOD_MATCH = YES;
				COPY_PHASE_STRIP = NO;
				DEBUG_INFORMATION_FORMAT = dwarf;
				ENABLE_STRICT_OBJC_MSGSEND = YES;
				ENABLE_TESTABILITY = YES;
				ENABLE_USER_SCRIPT_SANDBOXING = YES;
				GCC_C_LANGUAGE_STANDARD = gnu17;
				GCC_DYNAMIC_NO_PIC = NO;
				GCC_NO_COMMON_BLOCKS = YES;
				GCC_OPTIMIZATION_LEVEL = 0;
				GCC_PREPROCESSOR_DEFINITIONS = (
					"DEBUG=1",
					"$(inherited)",
				);
				GCC_WARN_64_TO_32_BIT_CONVERSION = YES;
				GCC_WARN_ABOUT_RETURN_TYPE = YES_ERROR;
				GCC_WARN_UNDECLARED_SELECTOR = YES;
				GCC_WARN_UNINITIALIZED_AUTOS = YES_AGGRESSIVE;
				GCC_WARN_UNUSED_FUNCTION = YES;
				GCC_WARN_UNUSED_VARIABLE = YES;
				LOCALIZATION_PREFERS_STRING_CATALOGS = YES;
				MACOSX_DEPLOYMENT_TARGET = 13.6;
				MTL_ENABLE_DEBUG_INFO = INCLUDE_SOURCE;
				MTL_FAST_MATH = YES;
				ONLY_ACTIVE_ARCH = YES;
				SDKROOT = macosx;
			};
			name = Debug;
		};
		DD7037FC2B459B2700F40F46 /* Release */ = {
			isa = XCBuildConfiguration;
			buildSettings = {
				ALWAYS_SEARCH_USER_PATHS = NO;
				ASSETCATALOG_COMPILER_GENERATE_SWIFT_ASSET_SYMBOL_EXTENSIONS = YES;
				CLANG_ANALYZER_NONNULL = YES;
				CLANG_ANALYZER_NUMBER_OBJECT_CONVERSION = YES_AGGRESSIVE;
				CLANG_CXX_LANGUAGE_STANDARD = "gnu++20";
				CLANG_ENABLE_MODULES = YES;
				CLANG_ENABLE_OBJC_ARC = YES;
				CLANG_ENABLE_OBJC_WEAK = YES;
				CLANG_WARN_BLOCK_CAPTURE_AUTORELEASING = YES;
				CLANG_WARN_BOOL_CONVERSION = YES;
				CLANG_WARN_COMMA = YES;
				CLANG_WARN_CONSTANT_CONVERSION = YES;
				CLANG_WARN_DEPRECATED_OBJC_IMPLEMENTATIONS = YES;
				CLANG_WARN_DIRECT_OBJC_ISA_USAGE = YES_ERROR;
				CLANG_WARN_DOCUMENTATION_COMMENTS = YES;
				CLANG_WARN_EMPTY_BODY = YES;
				CLANG_WARN_ENUM_CONVERSION = YES;
				CLANG_WARN_INFINITE_RECURSION = YES;
				CLANG_WARN_INT_CONVERSION = YES;
				CLANG_WARN_NON_LITERAL_NULL_CONVERSION = YES;
				CLANG_WARN_OBJC_IMPLICIT_RETAIN_SELF = YES;
				CLANG_WARN_OBJC_LITERAL_CONVERSION = YES;
				CLANG_WARN_OBJC_ROOT_CLASS = YES_ERROR;
				CLANG_WARN_QUOTED_INCLUDE_IN_FRAMEWORK_HEADER = YES;
				CLANG_WARN_RANGE_LOOP_ANALYSIS = YES;
				CLANG_WARN_STRICT_PROTOTYPES = YES;
				CLANG_WARN_SUSPICIOUS_MOVE = YES;
				CLANG_WARN_UNGUARDED_AVAILABILITY = YES_AGGRESSIVE;
				CLANG_WARN_UNREACHABLE_CODE = YES;
				CLANG_WARN__DUPLICATE_METHOD_MATCH = YES;
				COPY_PHASE_STRIP = NO;
				DEBUG_INFORMATION_FORMAT = "dwarf-with-dsym";
				ENABLE_NS_ASSERTIONS = NO;
				ENABLE_STRICT_OBJC_MSGSEND = YES;
				ENABLE_USER_SCRIPT_SANDBOXING = YES;
				GCC_C_LANGUAGE_STANDARD = gnu17;
				GCC_NO_COMMON_BLOCKS = YES;
				GCC_WARN_64_TO_32_BIT_CONVERSION = YES;
				GCC_WARN_ABOUT_RETURN_TYPE = YES_ERROR;
				GCC_WARN_UNDECLARED_SELECTOR = YES;
				GCC_WARN_UNINITIALIZED_AUTOS = YES_AGGRESSIVE;
				GCC_WARN_UNUSED_FUNCTION = YES;
				GCC_WARN_UNUSED_VARIABLE = YES;
				LOCALIZATION_PREFERS_STRING_CATALOGS = YES;
				MACOSX_DEPLOYMENT_TARGET = 13.6;
				MTL_ENABLE_DEBUG_INFO = NO;
				MTL_FAST_MATH = YES;
				SDKROOT = macosx;
			};
			name = Release;
		};
		DD7037FE2B459B2700F40F46 /* Debug */ = {
			isa = XCBuildConfiguration;
			buildSettings = {
				ASSETCATALOG_COMPILER_APPICON_NAME = AppIcon;
				ASSETCATALOG_COMPILER_GLOBAL_ACCENT_COLOR_NAME = AccentColor;
				CODE_SIGN_ENTITLEMENTS = "Window with background/Window_with_background.entitlements";
				CODE_SIGN_STYLE = Automatic;
				COMBINE_HIDPI_IMAGES = YES;
				CURRENT_PROJECT_VERSION = 1;
				GENERATE_INFOPLIST_FILE = YES;
				INFOPLIST_KEY_NSHumanReadableCopyright = "";
				INFOPLIST_KEY_NSMainStoryboardFile = Main;
				INFOPLIST_KEY_NSPrincipalClass = NSApplication;
				LD_RUNPATH_SEARCH_PATHS = (
					"$(inherited)",
					"@executable_path/../Frameworks",
				);
				MARKETING_VERSION = 1.0;
				PRODUCT_BUNDLE_IDENTIFIER = "opencv.Window-with-background";
				PRODUCT_NAME = "$(TARGET_NAME)";
				SWIFT_EMIT_LOC_STRINGS = YES;
			};
			name = Debug;
		};
		DD7037FF2B459B2700F40F46 /* Release */ = {
			isa = XCBuildConfiguration;
			buildSettings = {
				ASSETCATALOG_COMPILER_APPICON_NAME = AppIcon;
				ASSETCATALOG_COMPILER_GLOBAL_ACCENT_COLOR_NAME = AccentColor;
				CODE_SIGN_ENTITLEMENTS = "Window with background/Window_with_background.entitlements";
				CODE_SIGN_STYLE = Automatic;
				COMBINE_HIDPI_IMAGES = YES;
				CURRENT_PROJECT_VERSION = 1;
				GENERATE_INFOPLIST_FILE = YES;
				INFOPLIST_KEY_NSHumanReadableCopyright = "";
				INFOPLIST_KEY_NSMainStoryboardFile = Main;
				INFOPLIST_KEY_NSPrincipalClass = NSApplication;
				LD_RUNPATH_SEARCH_PATHS = (
					"$(inherited)",
					"@executable_path/../Frameworks",
				);
				MARKETING_VERSION = 1.0;
				PRODUCT_BUNDLE_IDENTIFIER = "opencv.Window-with-background";
				PRODUCT_NAME = "$(TARGET_NAME)";
				SWIFT_EMIT_LOC_STRINGS = YES;
			};
			name = Release;
		};
		DD7038012B459B2700F40F46 /* Debug */ = {
			isa = XCBuildConfiguration;
			buildSettings = {
				BUNDLE_LOADER = "$(TEST_HOST)";
				CODE_SIGN_STYLE = Automatic;
				CURRENT_PROJECT_VERSION = 1;
				GENERATE_INFOPLIST_FILE = YES;
				MACOSX_DEPLOYMENT_TARGET = 13.6;
				MARKETING_VERSION = 1.0;
				PRODUCT_BUNDLE_IDENTIFIER = "opencv.Window-with-backgroundTests";
				PRODUCT_NAME = "$(TARGET_NAME)";
				SWIFT_EMIT_LOC_STRINGS = NO;
				TEST_HOST = "$(BUILT_PRODUCTS_DIR)/Window with background.app/$(BUNDLE_EXECUTABLE_FOLDER_PATH)/Window with background";
			};
			name = Debug;
		};
		DD7038022B459B2700F40F46 /* Release */ = {
			isa = XCBuildConfiguration;
			buildSettings = {
				BUNDLE_LOADER = "$(TEST_HOST)";
				CODE_SIGN_STYLE = Automatic;
				CURRENT_PROJECT_VERSION = 1;
				GENERATE_INFOPLIST_FILE = YES;
				MACOSX_DEPLOYMENT_TARGET = 13.6;
				MARKETING_VERSION = 1.0;
				PRODUCT_BUNDLE_IDENTIFIER = "opencv.Window-with-backgroundTests";
				PRODUCT_NAME = "$(TARGET_NAME)";
				SWIFT_EMIT_LOC_STRINGS = NO;
				TEST_HOST = "$(BUILT_PRODUCTS_DIR)/Window with background.app/$(BUNDLE_EXECUTABLE_FOLDER_PATH)/Window with background";
			};
			name = Release;
		};
		DD7038042B459B2700F40F46 /* Debug */ = {
			isa = XCBuildConfiguration;
			buildSettings = {
				CODE_SIGN_STYLE = Automatic;
				CURRENT_PROJECT_VERSION = 1;
				GENERATE_INFOPLIST_FILE = YES;
				MARKETING_VERSION = 1.0;
				PRODUCT_BUNDLE_IDENTIFIER = "opencv.Window-with-backgroundUITests";
				PRODUCT_NAME = "$(TARGET_NAME)";
				SWIFT_EMIT_LOC_STRINGS = NO;
				TEST_TARGET_NAME = "Window with background";
			};
			name = Debug;
		};
		DD7038052B459B2700F40F46 /* Release */ = {
			isa = XCBuildConfiguration;
			buildSettings = {
				CODE_SIGN_STYLE = Automatic;
				CURRENT_PROJECT_VERSION = 1;
				GENERATE_INFOPLIST_FILE = YES;
				MARKETING_VERSION = 1.0;
				PRODUCT_BUNDLE_IDENTIFIER = "opencv.Window-with-backgroundUITests";
				PRODUCT_NAME = "$(TARGET_NAME)";
				SWIFT_EMIT_LOC_STRINGS = NO;
				TEST_TARGET_NAME = "Window with background";
			};
			name = Release;
		};
/* End XCBuildConfiguration section */

/* Begin XCConfigurationList section */
		DD7037CF2B459B2400F40F46 /* Build configuration list for PBXProject "Window with background" */ = {
			isa = XCConfigurationList;
			buildConfigurations = (
				DD7037FB2B459B2700F40F46 /* Debug */,
				DD7037FC2B459B2700F40F46 /* Release */,
			);
			defaultConfigurationIsVisible = 0;
			defaultConfigurationName = Release;
		};
		DD7037FD2B459B2700F40F46 /* Build configuration list for PBXNativeTarget "Window with background" */ = {
			isa = XCConfigurationList;
			buildConfigurations = (
				DD7037FE2B459B2700F40F46 /* Debug */,
				DD7037FF2B459B2700F40F46 /* Release */,
			);
			defaultConfigurationIsVisible = 0;
			defaultConfigurationName = Release;
		};
		DD7038002B459B2700F40F46 /* Build configuration list for PBXNativeTarget "Window with backgroundTests" */ = {
			isa = XCConfigurationList;
			buildConfigurations = (
				DD7038012B459B2700F40F46 /* Debug */,
				DD7038022B459B2700F40F46 /* Release */,
			);
			defaultConfigurationIsVisible = 0;
			defaultConfigurationName = Release;
		};
		DD7038032B459B2700F40F46 /* Build configuration list for PBXNativeTarget "Window with backgroundUITests" */ = {
			isa = XCConfigurationList;
			buildConfigurations = (
				DD7038042B459B2700F40F46 /* Debug */,
				DD7038052B459B2700F40F46 /* Release */,
			);
			defaultConfigurationIsVisible = 0;
			defaultConfigurationName = Release;
		};
/* End XCConfigurationList section */
	};
	rootObject = DD7037CC2B459B2400F40F46 /* Project object */;
}
